
Microsoft Visual Studio Solution File, Format Version 12.00
# Visual Studio Version 17
VisualStudioVersion = 17.4.33110.190
MinimumVisualStudioVersion = 10.0.40219.1
Project("{FAE04EC0-301F-11D3-BF4B-00C04F79EFBC}") = "app", "app\app.csproj", "{55F4A466-8DE2-4DDB-85D5-9A67FB5FC37D}"
EndProject
Project("{FAE04EC0-301F-11D3-BF4B-00C04F79EFBC}") = "Dominio", "app\Dominio\Dominio.csproj", "{4BD7A35C-9D1D-4489-90D9-1F786F238988}"
EndProject
Project("{FAE04EC0-301F-11D3-BF4B-00C04F79EFBC}") = "Negocio", "app\Negocio\Negocio.csproj", "{7E1B6778-0884-420E-B4D0-44CB3950BF56}"
EndProject
Project("{FAE04EC0-301F-11D3-BF4B-00C04F79EFBC}") = "AccesoDatos", "app\AccesoDatos\AccesoDatos.csproj", "{FAEC1694-1340-4E98-AF4A-82FC38CB8CF4}"
EndProject
Global
	GlobalSection(SolutionConfigurationPlatforms) = preSolution
		Debug|Any CPU = Debug|Any CPU
		Release|Any CPU = Release|Any CPU
	EndGlobalSection
	GlobalSection(ProjectConfigurationPlatforms) = postSolution
		{55F4A466-8DE2-4DDB-85D5-9A67FB5FC37D}.Debug|Any CPU.ActiveCfg = Debug|Any CPU
		{55F4A466-8DE2-4DDB-85D5-9A67FB5FC37D}.Debug|Any CPU.Build.0 = Debug|Any CPU
		{55F4A466-8DE2-4DDB-85D5-9A67FB5FC37D}.Release|Any CPU.ActiveCfg = Release|Any CPU
		{55F4A466-8DE2-4DDB-85D5-9A67FB5FC37D}.Release|Any CPU.Build.0 = Release|Any CPU
		{4BD7A35C-9D1D-4489-90D9-1F786F238988}.Debug|Any CPU.ActiveCfg = Debug|Any CPU
		{4BD7A35C-9D1D-4489-90D9-1F786F238988}.Debug|Any CPU.Build.0 = Debug|Any CPU
		{4BD7A35C-9D1D-4489-90D9-1F786F238988}.Release|Any CPU.ActiveCfg = Release|Any CPU
		{4BD7A35C-9D1D-4489-90D9-1F786F238988}.Release|Any CPU.Build.0 = Release|Any CPU
		{7E1B6778-0884-420E-B4D0-44CB3950BF56}.Debug|Any CPU.ActiveCfg = Debug|Any CPU
		{7E1B6778-0884-420E-B4D0-44CB3950BF56}.Debug|Any CPU.Build.0 = Debug|Any CPU
		{7E1B6778-0884-420E-B4D0-44CB3950BF56}.Release|Any CPU.ActiveCfg = Release|Any CPU
		{7E1B6778-0884-420E-B4D0-44CB3950BF56}.Release|Any CPU.Build.0 = Release|Any CPU
		{FAEC1694-1340-4E98-AF4A-82FC38CB8CF4}.Debug|Any CPU.ActiveCfg = Debug|Any CPU
		{FAEC1694-1340-4E98-AF4A-82FC38CB8CF4}.Debug|Any CPU.Build.0 = Debug|Any CPU
		{FAEC1694-1340-4E98-AF4A-82FC38CB8CF4}.Release|Any CPU.ActiveCfg = Release|Any CPU
		{FAEC1694-1340-4E98-AF4A-82FC38CB8CF4}.Release|Any CPU.Build.0 = Release|Any CPU
	EndGlobalSection
	GlobalSection(SolutionProperties) = preSolution
		HideSolutionNode = FALSE
	EndGlobalSection
	GlobalSection(ExtensibilityGlobals) = postSolution
		SolutionGuid = {D4533572-BBEB-4125-81A7-20AC0E5328EF}
	EndGlobalSection
EndGlobal
